
Microsoft Visual Studio Solution File, Format Version 12.00
# Visual Studio Version 17
VisualStudioVersion = 17.4.33205.214
MinimumVisualStudioVersion = 10.0.40219.1
Project("{FAE04EC0-301F-11D3-BF4B-00C04F79EFBC}") = "UpdatePos", "UpdatePos.csproj", "{96019952-43FC-41BD-9D02-BC95A8E36220}"
EndProject
Global
	GlobalSection(SolutionConfigurationPlatforms) = preSolution
		Debug|Any CPU = Debug|Any CPU
		Release|Any CPU = Release|Any CPU
	EndGlobalSection
	GlobalSection(ProjectConfigurationPlatforms) = postSolution
		{96019952-43FC-41BD-9D02-BC95A8E36220}.Debug|Any CPU.ActiveCfg = Debug|Any CPU
		{96019952-43FC-41BD-9D02-BC95A8E36220}.Debug|Any CPU.Build.0 = Debug|Any CPU
		{96019952-43FC-41BD-9D02-BC95A8E36220}.Release|Any CPU.ActiveCfg = Release|Any CPU
		{96019952-43FC-41BD-9D02-BC95A8E36220}.Release|Any CPU.Build.0 = Release|Any CPU
	EndGlobalSection
	GlobalSection(SolutionProperties) = preSolution
		HideSolutionNode = FALSE
	EndGlobalSection
	GlobalSection(ExtensibilityGlobals) = postSolution
		SolutionGuid = {E37D8836-B3E5-46FC-BED3-F14F6EC95BCF}
	EndGlobalSection
EndGlobal
